// !$*UTF8*$!
{
	archiveVersion = 1;
	classes = {
	};
	objectVersion = 46;
	objects = {

/* Begin PBXBuildFile section */
		3A1A998D2022FFF000889D2E /* KSPasswordField.m in Sources */ = {isa = PBXBuildFile; fileRef = 3A1A997A2022FFF000889D2E /* KSPasswordField.m */; };
		3A40B2D12019E0BC00F33F80 /* qrCodeOnScreen.m in Sources */ = {isa = PBXBuildFile; fileRef = 3A40B2D02019E0BC00F33F80 /* qrCodeOnScreen.m */; };
		3A4AAEB4201B2FB7002F23AF /* ConfigWindow.xib in Resources */ = {isa = PBXBuildFile; fileRef = 3A4AAEB3201B2FB7002F23AF /* ConfigWindow.xib */; };
		3A8E4A5420219874002E2FBA /* AFNetworking.framework in CopyFiles */ = {isa = PBXBuildFile; fileRef = 3AD6015F2018D50D00403182 /* AFNetworking.framework */; settings = {ATTRIBUTES = (CodeSignOnCopy, RemoveHeadersOnCopy, ); }; };
		3A8E4A572021993D002E2FBA /* GZIP.framework in CopyFiles */ = {isa = PBXBuildFile; fileRef = 3AD601792018D7C900403182 /* GZIP.framework */; settings = {ATTRIBUTES = (CodeSignOnCopy, RemoveHeadersOnCopy, ); }; };
		3A8E4A5C2021993D002E2FBA /* GCDWebServers.framework in CopyFiles */ = {isa = PBXBuildFile; fileRef = 3AD601492018D47800403182 /* GCDWebServers.framework */; settings = {ATTRIBUTES = (CodeSignOnCopy, RemoveHeadersOnCopy, ); }; };
		3A95CC362070EB8800E507E3 /* libsodium.framework in Frameworks */ = {isa = PBXBuildFile; fileRef = 3A95CC352070EB8800E507E3 /* libsodium.framework */; };
		3A95CC382070EB8800E507E3 /* libuv.framework in Frameworks */ = {isa = PBXBuildFile; fileRef = 3A95CC372070EB8800E507E3 /* libuv.framework */; };
		3A95CC3A2070EB8800E507E3 /* mbedtls.framework in Frameworks */ = {isa = PBXBuildFile; fileRef = 3A95CC392070EB8800E507E3 /* mbedtls.framework */; };
		3A95CC3D2070EBCB00E507E3 /* libuv.framework in Frameworks */ = {isa = PBXBuildFile; fileRef = 3A95CC3C2070EBCB00E507E3 /* libuv.framework */; };
		3A95CC3E2070EBCB00E507E3 /* libuv.framework in CopyFiles */ = {isa = PBXBuildFile; fileRef = 3A95CC3C2070EBCB00E507E3 /* libuv.framework */; settings = {ATTRIBUTES = (CodeSignOnCopy, RemoveHeadersOnCopy, ); }; };
		3A95CC402070EBCB00E507E3 /* libsodium.framework in Frameworks */ = {isa = PBXBuildFile; fileRef = 3A95CC3F2070EBCB00E507E3 /* libsodium.framework */; };
		3A95CC412070EBCB00E507E3 /* libsodium.framework in CopyFiles */ = {isa = PBXBuildFile; fileRef = 3A95CC3F2070EBCB00E507E3 /* libsodium.framework */; settings = {ATTRIBUTES = (CodeSignOnCopy, RemoveHeadersOnCopy, ); }; };
		3A95CC432070EBCB00E507E3 /* mbedtls.framework in Frameworks */ = {isa = PBXBuildFile; fileRef = 3A95CC422070EBCB00E507E3 /* mbedtls.framework */; };
		3A95CC442070EBCB00E507E3 /* mbedtls.framework in CopyFiles */ = {isa = PBXBuildFile; fileRef = 3A95CC422070EBCB00E507E3 /* mbedtls.framework */; settings = {ATTRIBUTES = (CodeSignOnCopy, RemoveHeadersOnCopy, ); }; };
		3A95CC452070EBCB00E507E3 /* ssrNative.framework in Frameworks */ = {isa = PBXBuildFile; fileRef = 3A95CC322070EB0B00E507E3 /* ssrNative.framework */; };
		3A95CC462070EBCB00E507E3 /* ssrNative.framework in CopyFiles */ = {isa = PBXBuildFile; fileRef = 3A95CC322070EB0B00E507E3 /* ssrNative.framework */; settings = {ATTRIBUTES = (CodeSignOnCopy, RemoveHeadersOnCopy, ); }; };
		3ACA8CCB2019C17800839E41 /* ShadowsocksRunner.m in Sources */ = {isa = PBXBuildFile; fileRef = 3ACA8CC92019C17800839E41 /* ShadowsocksRunner.m */; };
		3AD6016C2018D56F00403182 /* AFNetworking.framework in Frameworks */ = {isa = PBXBuildFile; fileRef = 3AD6015F2018D50D00403182 /* AFNetworking.framework */; };
		3AD6016D2018D56F00403182 /* GCDWebServers.framework in Frameworks */ = {isa = PBXBuildFile; fileRef = 3AD601492018D47800403182 /* GCDWebServers.framework */; };
		3AD601822018D7F200403182 /* GZIP.framework in Frameworks */ = {isa = PBXBuildFile; fileRef = 3AD601792018D7C900403182 /* GZIP.framework */; };
		6205309618D4443E00887D3E /* Foundation.framework in Frameworks */ = {isa = PBXBuildFile; fileRef = 621571AA16CF6BCB003D96B4 /* Foundation.framework */; };
		6205309918D4443E00887D3E /* main.m in Sources */ = {isa = PBXBuildFile; fileRef = 6205309818D4443E00887D3E /* main.m */; };
		620530A518D4444E00887D3E /* SystemConfiguration.framework in Frameworks */ = {isa = PBXBuildFile; fileRef = 629AC93F18B49C33001D2771 /* SystemConfiguration.framework */; };
		620530BA18D44A2700887D3E /* ssr_mac_sysconf in Resources */ = {isa = PBXBuildFile; fileRef = 6205309518D4443E00887D3E /* ssr_mac_sysconf */; };
		620530BE18D44FB600887D3E /* install_helper.sh in Resources */ = {isa = PBXBuildFile; fileRef = 620530BD18D44FB600887D3E /* install_helper.sh */; };
		622BE4E618B7307200F22683 /* menu_icon@2x.png in Resources */ = {isa = PBXBuildFile; fileRef = 622BE4E418B7307200F22683 /* menu_icon@2x.png */; };
		622BE4E718B7307200F22683 /* menu_icon.png in Resources */ = {isa = PBXBuildFile; fileRef = 622BE4E518B7307200F22683 /* menu_icon.png */; };
		6232047118C0719D001A30B9 /* menu_icon_disabled.png in Resources */ = {isa = PBXBuildFile; fileRef = 6232046F18C0719D001A30B9 /* menu_icon_disabled.png */; };
		6232047218C0719D001A30B9 /* menu_icon_disabled@2x.png in Resources */ = {isa = PBXBuildFile; fileRef = 6232047018C0719D001A30B9 /* menu_icon_disabled@2x.png */; };
		6232047718C08C6C001A30B9 /* Localizable.strings in Resources */ = {isa = PBXBuildFile; fileRef = 628C3DE118AD5AFA0090632A /* Localizable.strings */; };
		625E5BBA19EA350F007A5124 /* QRCodeWindow.xib in Resources */ = {isa = PBXBuildFile; fileRef = 625E5BB919EA350F007A5124 /* QRCodeWindow.xib */; };
		625E5BBD19EA36D2007A5124 /* SWBQRCodeWindowController.m in Sources */ = {isa = PBXBuildFile; fileRef = 625E5BBC19EA36D2007A5124 /* SWBQRCodeWindowController.m */; };
		625E5BBE19EA3855007A5124 /* WebKit.framework in Frameworks */ = {isa = PBXBuildFile; fileRef = 627A6E5618B4887000493BBC /* WebKit.framework */; };
		625E5BC119EA3A43007A5124 /* jquery.min.js in Resources */ = {isa = PBXBuildFile; fileRef = 625E5BBF19EA3A43007A5124 /* jquery.min.js */; };
		625E5BC219EA3A43007A5124 /* qrcode.min.js in Resources */ = {isa = PBXBuildFile; fileRef = 625E5BC019EA3A43007A5124 /* qrcode.min.js */; };
		625E5BC519EA3A6B007A5124 /* qrcode.htm in Resources */ = {isa = PBXBuildFile; fileRef = 625E5BC319EA3A6B007A5124 /* qrcode.htm */; };
		627A6DF918B47E9300493BBC /* Cocoa.framework in Frameworks */ = {isa = PBXBuildFile; fileRef = 627A6DF818B47E9300493BBC /* Cocoa.framework */; };
		627A6E0318B47E9300493BBC /* InfoPlist.strings in Resources */ = {isa = PBXBuildFile; fileRef = 627A6E0118B47E9300493BBC /* InfoPlist.strings */; };
		627A6E0518B47E9300493BBC /* main.m in Sources */ = {isa = PBXBuildFile; fileRef = 627A6E0418B47E9300493BBC /* main.m */; };
		627A6E0C18B47E9300493BBC /* SWBAppDelegate.m in Sources */ = {isa = PBXBuildFile; fileRef = 627A6E0B18B47E9300493BBC /* SWBAppDelegate.m */; };
		627A6E1118B47E9300493BBC /* Images.xcassets in Resources */ = {isa = PBXBuildFile; fileRef = 627A6E1018B47E9300493BBC /* Images.xcassets */; };
		628C91BD1A07AA5800BA1566 /* Profile.m in Sources */ = {isa = PBXBuildFile; fileRef = 628C91BC1A07AA5800BA1566 /* Profile.m */; };
		628C91C41A07AB4500BA1566 /* Configuration.m in Sources */ = {isa = PBXBuildFile; fileRef = 628C91C31A07AB4500BA1566 /* Configuration.m */; };
		628C91C61A07B6C800BA1566 /* QuartzCore.framework in Frameworks */ = {isa = PBXBuildFile; fileRef = 628C91C51A07B6C800BA1566 /* QuartzCore.framework */; };
		629AC93318B49341001D2771 /* Application.xib in Resources */ = {isa = PBXBuildFile; fileRef = 629AC93218B49341001D2771 /* Application.xib */; };
		62E27E5518C1D03D0086033D /* proxy.pac.gz in Resources */ = {isa = PBXBuildFile; fileRef = 62E27E5318C1D03D0086033D /* proxy.pac.gz */; };
		62E27E5E18C1D1000086033D /* libz.dylib in Frameworks */ = {isa = PBXBuildFile; fileRef = 62E27E5D18C1D1000086033D /* libz.dylib */; };
		62E27E6418C1F1E30086033D /* LICENSE in Resources */ = {isa = PBXBuildFile; fileRef = EB1896EFEA137F75386005D4 /* LICENSE */; };
		62E2E1991A5AB21E00C9A2E1 /* SystemConfiguration.framework in Frameworks */ = {isa = PBXBuildFile; fileRef = 62E2E1981A5AB21E00C9A2E1 /* SystemConfiguration.framework */; settings = {ATTRIBUTES = (Weak, ); }; };
		62E2E19B1A5AB23700C9A2E1 /* Security.framework in Frameworks */ = {isa = PBXBuildFile; fileRef = 62E2E19A1A5AB23700C9A2E1 /* Security.framework */; settings = {ATTRIBUTES = (Weak, ); }; };
		62E2E19D1A5ABE5C00C9A2E1 /* abp.js in Resources */ = {isa = PBXBuildFile; fileRef = 62E2E19C1A5ABE5C00C9A2E1 /* abp.js */; };
		EB1897A04CF0382A754FE700 /* SWBConfigWindowController.m in Sources */ = {isa = PBXBuildFile; fileRef = EB1895348E32ABA4F4F86742 /* SWBConfigWindowController.m */; };
		EB1899E6974F61B38B2FFD2C /* ProfileManager.m in Sources */ = {isa = PBXBuildFile; fileRef = EB1892B5027A6B1F1E2CDC12 /* ProfileManager.m */; };
		EB189FE30A2E13F4D10D59ED /* SWBApplication.m in Sources */ = {isa = PBXBuildFile; fileRef = EB189ABF1BF9729F1E0E8F72 /* SWBApplication.m */; };
/* End PBXBuildFile section */

/* Begin PBXContainerItemProxy section */
		3A95CC2F2070EB0B00E507E3 /* PBXContainerItemProxy */ = {
			isa = PBXContainerItemProxy;
			containerPortal = 3A95CC272070EB0A00E507E3 /* ssrNative.xcodeproj */;
			proxyType = 2;
			remoteGlobalIDString = 3A57A607206F9D44002F1F2D;
			remoteInfo = "ssrNative iOS";
		};
		3A95CC312070EB0B00E507E3 /* PBXContainerItemProxy */ = {
			isa = PBXContainerItemProxy;
			containerPortal = 3A95CC272070EB0A00E507E3 /* ssrNative.xcodeproj */;
			proxyType = 2;
			remoteGlobalIDString = 3A95CBA42070C7DA00E507E3;
			remoteInfo = "ssrNative macOS";
		};
		3A95CC332070EB3B00E507E3 /* PBXContainerItemProxy */ = {
			isa = PBXContainerItemProxy;
			containerPortal = 3A95CC272070EB0A00E507E3 /* ssrNative.xcodeproj */;
			proxyType = 1;
			remoteGlobalIDString = 3A95CBA32070C7DA00E507E3;
			remoteInfo = "ssrNative macOS";
		};
		3A95CC472070EBCB00E507E3 /* PBXContainerItemProxy */ = {
			isa = PBXContainerItemProxy;
			containerPortal = 3A95CC272070EB0A00E507E3 /* ssrNative.xcodeproj */;
			proxyType = 1;
			remoteGlobalIDString = 3A95CBA32070C7DA00E507E3;
			remoteInfo = "ssrNative macOS";
		};
		3AD601422018D47800403182 /* PBXContainerItemProxy */ = {
			isa = PBXContainerItemProxy;
			containerPortal = 3AD601372018D47700403182 /* GCDWebServer.xcodeproj */;
			proxyType = 2;
			remoteGlobalIDString = 8DD76FB20486AB0100D96B5E;
			remoteInfo = "GCDWebServer (Mac)";
		};
		3AD601442018D47800403182 /* PBXContainerItemProxy */ = {
			isa = PBXContainerItemProxy;
			containerPortal = 3AD601372018D47700403182 /* GCDWebServer.xcodeproj */;
			proxyType = 2;
			remoteGlobalIDString = E2DDD1F61BE69EE4002CE867;
			remoteInfo = "GCDWebServer (iOS)";
		};
		3AD601462018D47800403182 /* PBXContainerItemProxy */ = {
			isa = PBXContainerItemProxy;
			containerPortal = 3AD601372018D47700403182 /* GCDWebServer.xcodeproj */;
			proxyType = 2;
			remoteGlobalIDString = E2DDD1C71BE698A8002CE867;
			remoteInfo = "GCDWebServer (tvOS)";
		};
		3AD601482018D47800403182 /* PBXContainerItemProxy */ = {
			isa = PBXContainerItemProxy;
			containerPortal = 3AD601372018D47700403182 /* GCDWebServer.xcodeproj */;
			proxyType = 2;
			remoteGlobalIDString = CEE28CD11AE004D800F4023C;
			remoteInfo = "GCDWebServers (Mac)";
		};
		3AD6014A2018D47800403182 /* PBXContainerItemProxy */ = {
			isa = PBXContainerItemProxy;
			containerPortal = 3AD601372018D47700403182 /* GCDWebServer.xcodeproj */;
			proxyType = 2;
			remoteGlobalIDString = CEE28CEF1AE0051F00F4023C;
			remoteInfo = "GCDWebServers (iOS)";
		};
		3AD6014C2018D47800403182 /* PBXContainerItemProxy */ = {
			isa = PBXContainerItemProxy;
			containerPortal = 3AD601372018D47700403182 /* GCDWebServer.xcodeproj */;
			proxyType = 2;
			remoteGlobalIDString = E2DDD18B1BE69404002CE867;
			remoteInfo = "GCDWebServers (tvOS)";
		};
		3AD6014E2018D47800403182 /* PBXContainerItemProxy */ = {
			isa = PBXContainerItemProxy;
			containerPortal = 3AD601372018D47700403182 /* GCDWebServer.xcodeproj */;
			proxyType = 2;
			remoteGlobalIDString = E24039251BA09207000B7089;
			remoteInfo = "Tests (Mac)";
		};
		3AD6015A2018D50D00403182 /* PBXContainerItemProxy */ = {
			isa = PBXContainerItemProxy;
			containerPortal = 3AD601502018D50D00403182 /* AFNetworking.xcodeproj */;
			proxyType = 2;
			remoteGlobalIDString = 299522391BBF104D00859F49;
			remoteInfo = "AFNetworking iOS";
		};
		3AD6015C2018D50D00403182 /* PBXContainerItemProxy */ = {
			isa = PBXContainerItemProxy;
			containerPortal = 3AD601502018D50D00403182 /* AFNetworking.xcodeproj */;
			proxyType = 2;
			remoteGlobalIDString = 299522651BBF129200859F49;
			remoteInfo = "AFNetworking watchOS";
		};
		3AD6015E2018D50D00403182 /* PBXContainerItemProxy */ = {
			isa = PBXContainerItemProxy;
			containerPortal = 3AD601502018D50D00403182 /* AFNetworking.xcodeproj */;
			proxyType = 2;
			remoteGlobalIDString = 299522771BBF136400859F49;
			remoteInfo = "AFNetworking macOS";
		};
		3AD601602018D50D00403182 /* PBXContainerItemProxy */ = {
			isa = PBXContainerItemProxy;
			containerPortal = 3AD601502018D50D00403182 /* AFNetworking.xcodeproj */;
			proxyType = 2;
			remoteGlobalIDString = 2987B0A51BC408A200179A4C;
			remoteInfo = "AFNetworking tvOS";
		};
		3AD601622018D50D00403182 /* PBXContainerItemProxy */ = {
			isa = PBXContainerItemProxy;
			containerPortal = 3AD601502018D50D00403182 /* AFNetworking.xcodeproj */;
			proxyType = 2;
			remoteGlobalIDString = 298D7C3B1BC2C79500FD3B3E;
			remoteInfo = "AFNetworking iOS Tests";
		};
		3AD601642018D50D00403182 /* PBXContainerItemProxy */ = {
			isa = PBXContainerItemProxy;
			containerPortal = 3AD601502018D50D00403182 /* AFNetworking.xcodeproj */;
			proxyType = 2;
			remoteGlobalIDString = 298D7C4A1BC2C7B200FD3B3E;
			remoteInfo = "AFNetworking macOS Tests";
		};
		3AD601662018D50D00403182 /* PBXContainerItemProxy */ = {
			isa = PBXContainerItemProxy;
			containerPortal = 3AD601502018D50D00403182 /* AFNetworking.xcodeproj */;
			proxyType = 2;
			remoteGlobalIDString = 2987B0AE1BC408A200179A4C;
			remoteInfo = "AFNetworking tvOS Tests";
		};
		3AD601682018D54500403182 /* PBXContainerItemProxy */ = {
			isa = PBXContainerItemProxy;
			containerPortal = 3AD601502018D50D00403182 /* AFNetworking.xcodeproj */;
			proxyType = 1;
			remoteGlobalIDString = 299522761BBF136400859F49;
			remoteInfo = "AFNetworking macOS";
		};
		3AD6016A2018D54500403182 /* PBXContainerItemProxy */ = {
			isa = PBXContainerItemProxy;
			containerPortal = 3AD601372018D47700403182 /* GCDWebServer.xcodeproj */;
			proxyType = 1;
			remoteGlobalIDString = CEE28CD01AE004D800F4023C;
			remoteInfo = "GCDWebServers (Mac)";
		};
		3AD601762018D7C900403182 /* PBXContainerItemProxy */ = {
			isa = PBXContainerItemProxy;
			containerPortal = 3AD6016E2018D7C900403182 /* GZIP.xcodeproj */;
			proxyType = 2;
			remoteGlobalIDString = 3AE36CBF1B8F598E00923C2D;
			remoteInfo = "GZIP-iOS";
		};
		3AD601782018D7C900403182 /* PBXContainerItemProxy */ = {
			isa = PBXContainerItemProxy;
			containerPortal = 3AD6016E2018D7C900403182 /* GZIP.xcodeproj */;
			proxyType = 2;
			remoteGlobalIDString = 3AE36CDB1B8F5AEF00923C2D;
			remoteInfo = "GZIP-macOS";
		};
		3AD6017A2018D7C900403182 /* PBXContainerItemProxy */ = {
			isa = PBXContainerItemProxy;
			containerPortal = 3AD6016E2018D7C900403182 /* GZIP.xcodeproj */;
			proxyType = 2;
			remoteGlobalIDString = 010299581ECD993000044867;
			remoteInfo = "GZIP-tvOS";
		};
		3AD6017C2018D7C900403182 /* PBXContainerItemProxy */ = {
			isa = PBXContainerItemProxy;
			containerPortal = 3AD6016E2018D7C900403182 /* GZIP.xcodeproj */;
			proxyType = 2;
			remoteGlobalIDString = 3AB1CB071B8F671100D54E3D;
			remoteInfo = "GZIP-watchOS";
		};
		3AD6017E2018D7C900403182 /* PBXContainerItemProxy */ = {
			isa = PBXContainerItemProxy;
			containerPortal = 3AD6016E2018D7C900403182 /* GZIP.xcodeproj */;
			proxyType = 2;
			remoteGlobalIDString = 3A733BCC1BA9B6BD00089A82;
			remoteInfo = GZIPTests;
		};
		3AD601802018D7E100403182 /* PBXContainerItemProxy */ = {
			isa = PBXContainerItemProxy;
			containerPortal = 3AD6016E2018D7C900403182 /* GZIP.xcodeproj */;
			proxyType = 1;
			remoteGlobalIDString = 3AE36CD01B8F5AEF00923C2D;
			remoteInfo = "GZIP-macOS";
		};
		620530BB18D44A4000887D3E /* PBXContainerItemProxy */ = {
			isa = PBXContainerItemProxy;
			containerPortal = 6215719D16CF6BCA003D96B4 /* Project object */;
			proxyType = 1;
			remoteGlobalIDString = 6205309418D4443E00887D3E;
			remoteInfo = shadowsocks_sysconf;
		};
/* End PBXContainerItemProxy section */

/* Begin PBXCopyFilesBuildPhase section */
		3A8E4A4120219812002E2FBA /* CopyFiles */ = {
			isa = PBXCopyFilesBuildPhase;
			buildActionMask = 2147483647;
			dstPath = "";
			dstSubfolderSpec = 10;
			files = (
				3A8E4A572021993D002E2FBA /* GZIP.framework in CopyFiles */,
				3A95CC3E2070EBCB00E507E3 /* libuv.framework in CopyFiles */,
				3A95CC462070EBCB00E507E3 /* ssrNative.framework in CopyFiles */,
				3A8E4A5420219874002E2FBA /* AFNetworking.framework in CopyFiles */,
				3A95CC412070EBCB00E507E3 /* libsodium.framework in CopyFiles */,
				3A95CC442070EBCB00E507E3 /* mbedtls.framework in CopyFiles */,
				3A8E4A5C2021993D002E2FBA /* GCDWebServers.framework in CopyFiles */,
			);
			runOnlyForDeploymentPostprocessing = 0;
		};
/* End PBXCopyFilesBuildPhase section */

/* Begin PBXFileReference section */
		3A1A997A2022FFF000889D2E /* KSPasswordField.m */ = {isa = PBXFileReference; fileEncoding = 4; lastKnownFileType = sourcecode.c.objc; path = KSPasswordField.m; sourceTree = "<group>"; };
		3A1A998C2022FFF000889D2E /* KSPasswordField.h */ = {isa = PBXFileReference; fileEncoding = 4; lastKnownFileType = sourcecode.c.h; path = KSPasswordField.h; sourceTree = "<group>"; };
		3A40B2CF2019E0BC00F33F80 /* qrCodeOnScreen.h */ = {isa = PBXFileReference; lastKnownFileType = sourcecode.c.h; path = qrCodeOnScreen.h; sourceTree = "<group>"; };
		3A40B2D02019E0BC00F33F80 /* qrCodeOnScreen.m */ = {isa = PBXFileReference; lastKnownFileType = sourcecode.c.objc; path = qrCodeOnScreen.m; sourceTree = "<group>"; };
		3A4AAEB3201B2FB7002F23AF /* ConfigWindow.xib */ = {isa = PBXFileReference; fileEncoding = 4; lastKnownFileType = file.xib; path = ConfigWindow.xib; sourceTree = "<group>"; };
		3A4AAEB5201B5981002F23AF /* libuv.a */ = {isa = PBXFileReference; lastKnownFileType = archive.ar; name = libuv.a; path = /usr/local/lib/libuv.a; sourceTree = "<group>"; };
		3A95CC272070EB0A00E507E3 /* ssrNative.xcodeproj */ = {isa = PBXFileReference; lastKnownFileType = "wrapper.pb-project"; name = ssrNative.xcodeproj; path = "shadowsocksr-native/ios/ssrNative.xcodeproj"; sourceTree = SOURCE_ROOT; };
		3A95CC352070EB8800E507E3 /* libsodium.framework */ = {isa = PBXFileReference; explicitFileType = wrapper.framework; path = libsodium.framework; sourceTree = BUILT_PRODUCTS_DIR; };
		3A95CC372070EB8800E507E3 /* libuv.framework */ = {isa = PBXFileReference; explicitFileType = wrapper.framework; path = libuv.framework; sourceTree = BUILT_PRODUCTS_DIR; };
		3A95CC392070EB8800E507E3 /* mbedtls.framework */ = {isa = PBXFileReference; explicitFileType = wrapper.framework; path = mbedtls.framework; sourceTree = BUILT_PRODUCTS_DIR; };
		3A95CC3C2070EBCB00E507E3 /* libuv.framework */ = {isa = PBXFileReference; explicitFileType = wrapper.framework; path = libuv.framework; sourceTree = BUILT_PRODUCTS_DIR; };
		3A95CC3F2070EBCB00E507E3 /* libsodium.framework */ = {isa = PBXFileReference; explicitFileType = wrapper.framework; path = libsodium.framework; sourceTree = BUILT_PRODUCTS_DIR; };
		3A95CC422070EBCB00E507E3 /* mbedtls.framework */ = {isa = PBXFileReference; explicitFileType = wrapper.framework; path = mbedtls.framework; sourceTree = BUILT_PRODUCTS_DIR; };
		3ACA8C8920199CB500839E41 /* libsodium.a */ = {isa = PBXFileReference; lastKnownFileType = archive.ar; name = libsodium.a; path = /usr/local/lib/libsodium.a; sourceTree = "<group>"; };
		3ACA8C8B20199CBA00839E41 /* libcrypto.a */ = {isa = PBXFileReference; lastKnownFileType = archive.ar; name = libcrypto.a; path = /usr/local/lib/libcrypto.a; sourceTree = "<group>"; };
		3ACA8CC92019C17800839E41 /* ShadowsocksRunner.m */ = {isa = PBXFileReference; fileEncoding = 4; lastKnownFileType = sourcecode.c.objc; name = ShadowsocksRunner.m; path = ShadowWeb/ShadowsocksRunner.m; sourceTree = SOURCE_ROOT; };
		3ACA8CCA2019C17800839E41 /* ShadowsocksRunner.h */ = {isa = PBXFileReference; fileEncoding = 4; lastKnownFileType = sourcecode.c.h; name = ShadowsocksRunner.h; path = ShadowWeb/ShadowsocksRunner.h; sourceTree = SOURCE_ROOT; };
		3AD601372018D47700403182 /* GCDWebServer.xcodeproj */ = {isa = PBXFileReference; lastKnownFileType = "wrapper.pb-project"; name = GCDWebServer.xcodeproj; path = GCDWebServer/GCDWebServer.xcodeproj; sourceTree = SOURCE_ROOT; };
		3AD601502018D50D00403182 /* AFNetworking.xcodeproj */ = {isa = PBXFileReference; lastKnownFileType = "wrapper.pb-project"; name = AFNetworking.xcodeproj; path = AFNetworking/AFNetworking.xcodeproj; sourceTree = SOURCE_ROOT; };
		3AD6016E2018D7C900403182 /* GZIP.xcodeproj */ = {isa = PBXFileReference; lastKnownFileType = "wrapper.pb-project"; name = GZIP.xcodeproj; path = GZIP/GZIP.xcodeproj; sourceTree = SOURCE_ROOT; };
		6205309518D4443E00887D3E /* ssr_mac_sysconf */ = {isa = PBXFileReference; explicitFileType = "compiled.mach-o.executable"; includeInIndex = 0; path = ssr_mac_sysconf; sourceTree = BUILT_PRODUCTS_DIR; };
		6205309818D4443E00887D3E /* main.m */ = {isa = PBXFileReference; lastKnownFileType = sourcecode.c.objc; path = main.m; sourceTree = "<group>"; };
		6205309B18D4443E00887D3E /* ssr_mac_sysconf-Prefix.pch */ = {isa = PBXFileReference; lastKnownFileType = sourcecode.c.h; path = "ssr_mac_sysconf-Prefix.pch"; sourceTree = "<group>"; };
		620530BD18D44FB600887D3E /* install_helper.sh */ = {isa = PBXFileReference; fileEncoding = 4; lastKnownFileType = text.script.sh; path = install_helper.sh; sourceTree = "<group>"; };
		621571A816CF6BCB003D96B4 /* UIKit.framework */ = {isa = PBXFileReference; lastKnownFileType = wrapper.framework; name = UIKit.framework; path = System/Library/Frameworks/UIKit.framework; sourceTree = SDKROOT; };
		621571AA16CF6BCB003D96B4 /* Foundation.framework */ = {isa = PBXFileReference; lastKnownFileType = wrapper.framework; name = Foundation.framework; path = System/Library/Frameworks/Foundation.framework; sourceTree = SDKROOT; };
		621571AC16CF6BCB003D96B4 /* CoreGraphics.framework */ = {isa = PBXFileReference; lastKnownFileType = wrapper.framework; name = CoreGraphics.framework; path = System/Library/Frameworks/CoreGraphics.framework; sourceTree = SDKROOT; };
		621571B216CF6BCB003D96B4 /* en */ = {isa = PBXFileReference; lastKnownFileType = text.plist.strings; name = en; path = en.lproj/InfoPlist.strings; sourceTree = "<group>"; };
		621FCC061760400400411E5F /* MobileCoreServices.framework */ = {isa = PBXFileReference; lastKnownFileType = wrapper.framework; name = MobileCoreServices.framework; path = System/Library/Frameworks/MobileCoreServices.framework; sourceTree = SDKROOT; };
		621FCC081760400800411E5F /* CFNetwork.framework */ = {isa = PBXFileReference; lastKnownFileType = wrapper.framework; name = CFNetwork.framework; path = System/Library/Frameworks/CFNetwork.framework; sourceTree = SDKROOT; };
		622BE4E418B7307200F22683 /* menu_icon@2x.png */ = {isa = PBXFileReference; lastKnownFileType = image.png; path = "menu_icon@2x.png"; sourceTree = "<group>"; };
		622BE4E518B7307200F22683 /* menu_icon.png */ = {isa = PBXFileReference; lastKnownFileType = image.png; path = menu_icon.png; sourceTree = "<group>"; };
		6232046F18C0719D001A30B9 /* menu_icon_disabled.png */ = {isa = PBXFileReference; lastKnownFileType = image.png; path = menu_icon_disabled.png; sourceTree = "<group>"; };
		6232047018C0719D001A30B9 /* menu_icon_disabled@2x.png */ = {isa = PBXFileReference; lastKnownFileType = image.png; path = "menu_icon_disabled@2x.png"; sourceTree = "<group>"; };
		625E5BB919EA350F007A5124 /* QRCodeWindow.xib */ = {isa = PBXFileReference; fileEncoding = 4; lastKnownFileType = file.xib; path = QRCodeWindow.xib; sourceTree = "<group>"; };
		625E5BBB19EA36D2007A5124 /* SWBQRCodeWindowController.h */ = {isa = PBXFileReference; fileEncoding = 4; lastKnownFileType = sourcecode.c.h; path = SWBQRCodeWindowController.h; sourceTree = "<group>"; };
		625E5BBC19EA36D2007A5124 /* SWBQRCodeWindowController.m */ = {isa = PBXFileReference; fileEncoding = 4; lastKnownFileType = sourcecode.c.objc; path = SWBQRCodeWindowController.m; sourceTree = "<group>"; };
		625E5BBF19EA3A43007A5124 /* jquery.min.js */ = {isa = PBXFileReference; fileEncoding = 4; lastKnownFileType = sourcecode.javascript; path = jquery.min.js; sourceTree = "<group>"; };
		625E5BC019EA3A43007A5124 /* qrcode.min.js */ = {isa = PBXFileReference; fileEncoding = 4; lastKnownFileType = sourcecode.javascript; path = qrcode.min.js; sourceTree = "<group>"; };
		625E5BC319EA3A6B007A5124 /* qrcode.htm */ = {isa = PBXFileReference; fileEncoding = 4; lastKnownFileType = text.html; path = qrcode.htm; sourceTree = "<group>"; };
		6274846D18B1FD5C00A9CDF0 /* CoreVideo.framework */ = {isa = PBXFileReference; lastKnownFileType = wrapper.framework; name = CoreVideo.framework; path = System/Library/Frameworks/CoreVideo.framework; sourceTree = SDKROOT; };
		6274846F18B1FD6500A9CDF0 /* CoreMedia.framework */ = {isa = PBXFileReference; lastKnownFileType = wrapper.framework; name = CoreMedia.framework; path = System/Library/Frameworks/CoreMedia.framework; sourceTree = SDKROOT; };
		6274847118B1FD6F00A9CDF0 /* QuartzCore.framework */ = {isa = PBXFileReference; lastKnownFileType = wrapper.framework; name = QuartzCore.framework; path = System/Library/Frameworks/QuartzCore.framework; sourceTree = SDKROOT; };
		6274847318B1FD7900A9CDF0 /* ImageIO.framework */ = {isa = PBXFileReference; lastKnownFileType = wrapper.framework; name = ImageIO.framework; path = System/Library/Frameworks/ImageIO.framework; sourceTree = SDKROOT; };
		627A6DF718B47E9300493BBC /* ssrMac.app */ = {isa = PBXFileReference; explicitFileType = wrapper.application; includeInIndex = 0; path = ssrMac.app; sourceTree = BUILT_PRODUCTS_DIR; };
		627A6DF818B47E9300493BBC /* Cocoa.framework */ = {isa = PBXFileReference; lastKnownFileType = wrapper.framework; name = Cocoa.framework; path = Library/Frameworks/Cocoa.framework; sourceTree = DEVELOPER_DIR; };
		627A6DFB18B47E9300493BBC /* AppKit.framework */ = {isa = PBXFileReference; lastKnownFileType = wrapper.framework; name = AppKit.framework; path = Library/Frameworks/AppKit.framework; sourceTree = SDKROOT; };
		627A6DFC18B47E9300493BBC /* CoreData.framework */ = {isa = PBXFileReference; lastKnownFileType = wrapper.framework; name = CoreData.framework; path = Library/Frameworks/CoreData.framework; sourceTree = SDKROOT; };
		627A6DFD18B47E9300493BBC /* Foundation.framework */ = {isa = PBXFileReference; lastKnownFileType = wrapper.framework; name = Foundation.framework; path = Library/Frameworks/Foundation.framework; sourceTree = SDKROOT; };
		627A6E0018B47E9300493BBC /* ssrMac-Info.plist */ = {isa = PBXFileReference; lastKnownFileType = text.plist.xml; path = "ssrMac-Info.plist"; sourceTree = "<group>"; };
		627A6E0218B47E9300493BBC /* en */ = {isa = PBXFileReference; lastKnownFileType = text.plist.strings; name = en; path = en.lproj/InfoPlist.strings; sourceTree = "<group>"; };
		627A6E0418B47E9300493BBC /* main.m */ = {isa = PBXFileReference; lastKnownFileType = sourcecode.c.objc; path = main.m; sourceTree = "<group>"; };
		627A6E0618B47E9300493BBC /* ssrMac-Prefix.pch */ = {isa = PBXFileReference; lastKnownFileType = sourcecode.c.h; path = "ssrMac-Prefix.pch"; sourceTree = "<group>"; };
		627A6E0818B47E9300493BBC /* en */ = {isa = PBXFileReference; lastKnownFileType = text.rtf; name = en; path = en.lproj/Credits.rtf; sourceTree = "<group>"; };
		627A6E0A18B47E9300493BBC /* SWBAppDelegate.h */ = {isa = PBXFileReference; lastKnownFileType = sourcecode.c.h; path = SWBAppDelegate.h; sourceTree = "<group>"; };
		627A6E0B18B47E9300493BBC /* SWBAppDelegate.m */ = {isa = PBXFileReference; lastKnownFileType = sourcecode.c.objc; path = SWBAppDelegate.m; sourceTree = "<group>"; };
		627A6E1018B47E9300493BBC /* Images.xcassets */ = {isa = PBXFileReference; lastKnownFileType = folder.assetcatalog; path = Images.xcassets; sourceTree = "<group>"; };
		627A6E5618B4887000493BBC /* WebKit.framework */ = {isa = PBXFileReference; lastKnownFileType = wrapper.framework; name = WebKit.framework; path = Platforms/MacOSX.platform/Developer/SDKs/MacOSX10.9.sdk/System/Library/Frameworks/WebKit.framework; sourceTree = DEVELOPER_DIR; };
		628693EA16DA26E2008B1A26 /* SystemConfiguration.framework */ = {isa = PBXFileReference; lastKnownFileType = wrapper.framework; name = SystemConfiguration.framework; path = System/Library/Frameworks/SystemConfiguration.framework; sourceTree = SDKROOT; };
		628C3DE218AD5B100090632A /* en */ = {isa = PBXFileReference; lastKnownFileType = text.plist.strings; name = en; path = en.lproj/Localizable.strings; sourceTree = "<group>"; };
		628C3DE318AD5B700090632A /* zh-Hans */ = {isa = PBXFileReference; lastKnownFileType = text.plist.strings; name = "zh-Hans"; path = "zh-Hans.lproj/Localizable.strings"; sourceTree = "<group>"; };
		628C91BB1A07AA5800BA1566 /* Profile.h */ = {isa = PBXFileReference; fileEncoding = 4; lastKnownFileType = sourcecode.c.h; path = Profile.h; sourceTree = "<group>"; };
		628C91BC1A07AA5800BA1566 /* Profile.m */ = {isa = PBXFileReference; fileEncoding = 4; lastKnownFileType = sourcecode.c.objc; path = Profile.m; sourceTree = "<group>"; };
		628C91C21A07AB4500BA1566 /* Configuration.h */ = {isa = PBXFileReference; fileEncoding = 4; lastKnownFileType = sourcecode.c.h; path = Configuration.h; sourceTree = "<group>"; };
		628C91C31A07AB4500BA1566 /* Configuration.m */ = {isa = PBXFileReference; fileEncoding = 4; lastKnownFileType = sourcecode.c.objc; path = Configuration.m; sourceTree = "<group>"; };
		628C91C51A07B6C800BA1566 /* QuartzCore.framework */ = {isa = PBXFileReference; lastKnownFileType = wrapper.framework; name = QuartzCore.framework; path = Platforms/MacOSX.platform/Developer/SDKs/MacOSX10.10.sdk/System/Library/Frameworks/QuartzCore.framework; sourceTree = DEVELOPER_DIR; };
		629AC93218B49341001D2771 /* Application.xib */ = {isa = PBXFileReference; fileEncoding = 4; lastKnownFileType = file.xib; path = Application.xib; sourceTree = "<group>"; };
		629AC93918B49B56001D2771 /* Cocoa.framework */ = {isa = PBXFileReference; lastKnownFileType = wrapper.framework; name = Cocoa.framework; path = Platforms/MacOSX.platform/Developer/SDKs/MacOSX10.9.sdk/System/Library/Frameworks/Cocoa.framework; sourceTree = DEVELOPER_DIR; };
		629AC93B18B49B69001D2771 /* AppKit.framework */ = {isa = PBXFileReference; lastKnownFileType = wrapper.framework; name = AppKit.framework; path = Platforms/MacOSX.platform/Developer/SDKs/MacOSX10.9.sdk/System/Library/Frameworks/AppKit.framework; sourceTree = DEVELOPER_DIR; };
		629AC93D18B49B97001D2771 /* Security.framework */ = {isa = PBXFileReference; lastKnownFileType = wrapper.framework; name = Security.framework; path = Platforms/MacOSX.platform/Developer/SDKs/MacOSX10.9.sdk/System/Library/Frameworks/Security.framework; sourceTree = DEVELOPER_DIR; };
		629AC93F18B49C33001D2771 /* SystemConfiguration.framework */ = {isa = PBXFileReference; lastKnownFileType = wrapper.framework; name = SystemConfiguration.framework; path = Platforms/MacOSX.platform/Developer/SDKs/MacOSX10.9.sdk/System/Library/Frameworks/SystemConfiguration.framework; sourceTree = DEVELOPER_DIR; };
		62CD918F178977B500B2CB55 /* MessageUI.framework */ = {isa = PBXFileReference; lastKnownFileType = wrapper.framework; name = MessageUI.framework; path = System/Library/Frameworks/MessageUI.framework; sourceTree = SDKROOT; };
		62E27E5318C1D03D0086033D /* proxy.pac.gz */ = {isa = PBXFileReference; lastKnownFileType = archive.gzip; path = proxy.pac.gz; sourceTree = SOURCE_ROOT; };
		62E27E5B18C1D0F80086033D /* libz.dylib */ = {isa = PBXFileReference; lastKnownFileType = "compiled.mach-o.dylib"; name = libz.dylib; path = usr/lib/libz.dylib; sourceTree = SDKROOT; };
		62E27E5D18C1D1000086033D /* libz.dylib */ = {isa = PBXFileReference; lastKnownFileType = "compiled.mach-o.dylib"; name = libz.dylib; path = Platforms/MacOSX.platform/Developer/SDKs/MacOSX10.9.sdk/usr/lib/libz.dylib; sourceTree = DEVELOPER_DIR; };
		62E2E1981A5AB21E00C9A2E1 /* SystemConfiguration.framework */ = {isa = PBXFileReference; lastKnownFileType = wrapper.framework; name = SystemConfiguration.framework; path = Platforms/MacOSX.platform/Developer/SDKs/MacOSX10.10.sdk/System/Library/Frameworks/SystemConfiguration.framework; sourceTree = DEVELOPER_DIR; };
		62E2E19A1A5AB23700C9A2E1 /* Security.framework */ = {isa = PBXFileReference; lastKnownFileType = wrapper.framework; name = Security.framework; path = Platforms/MacOSX.platform/Developer/SDKs/MacOSX10.10.sdk/System/Library/Frameworks/Security.framework; sourceTree = DEVELOPER_DIR; };
		62E2E19C1A5ABE5C00C9A2E1 /* abp.js */ = {isa = PBXFileReference; fileEncoding = 4; lastKnownFileType = sourcecode.javascript; path = abp.js; sourceTree = "<group>"; };
		96D80C04176CE1D7006C8078 /* AVFoundation.framework */ = {isa = PBXFileReference; lastKnownFileType = wrapper.framework; name = AVFoundation.framework; path = System/Library/Frameworks/AVFoundation.framework; sourceTree = SDKROOT; };
		EB189071407B3A2A9B4C83CB /* ProfileManager.h */ = {isa = PBXFileReference; fileEncoding = 4; lastKnownFileType = sourcecode.c.h; path = ProfileManager.h; sourceTree = "<group>"; };
		EB1891B68FCBD841C5E461B6 /* About.md */ = {isa = PBXFileReference; lastKnownFileType = file.md; path = About.md; sourceTree = SOURCE_ROOT; };
		EB1891FD08E70E9E9DC84AFD /* about.txt */ = {isa = PBXFileReference; fileEncoding = 4; lastKnownFileType = text; path = about.txt; sourceTree = "<group>"; };
		EB1892B5027A6B1F1E2CDC12 /* ProfileManager.m */ = {isa = PBXFileReference; fileEncoding = 4; lastKnownFileType = sourcecode.c.objc; path = ProfileManager.m; sourceTree = "<group>"; };
		EB1895348E32ABA4F4F86742 /* SWBConfigWindowController.m */ = {isa = PBXFileReference; fileEncoding = 4; lastKnownFileType = sourcecode.c.objc; path = SWBConfigWindowController.m; sourceTree = "<group>"; };
		EB1896EFEA137F75386005D4 /* LICENSE */ = {isa = PBXFileReference; fileEncoding = 4; lastKnownFileType = text; path = LICENSE; sourceTree = SOURCE_ROOT; };
		EB189A194D9EB70D1C8E7123 /* SWBApplication.h */ = {isa = PBXFileReference; fileEncoding = 4; lastKnownFileType = sourcecode.c.h; path = SWBApplication.h; sourceTree = "<group>"; };
		EB189ABF1BF9729F1E0E8F72 /* SWBApplication.m */ = {isa = PBXFileReference; fileEncoding = 4; lastKnownFileType = sourcecode.c.objc; path = SWBApplication.m; sourceTree = "<group>"; };
		EB189F12BEB086705288D293 /* README.md */ = {isa = PBXFileReference; lastKnownFileType = file.md; path = README.md; sourceTree = SOURCE_ROOT; };
		EB189F33A120A109D84FF977 /* SWBConfigWindowController.h */ = {isa = PBXFileReference; fileEncoding = 4; lastKnownFileType = sourcecode.c.h; path = SWBConfigWindowController.h; sourceTree = "<group>"; };
/* End PBXFileReference section */

/* Begin PBXFrameworksBuildPhase section */
		6205309218D4443E00887D3E /* Frameworks */ = {
			isa = PBXFrameworksBuildPhase;
			buildActionMask = 2147483647;
			files = (
				620530A518D4444E00887D3E /* SystemConfiguration.framework in Frameworks */,
				6205309618D4443E00887D3E /* Foundation.framework in Frameworks */,
			);
			runOnlyForDeploymentPostprocessing = 0;
		};
		627A6DF418B47E9300493BBC /* Frameworks */ = {
			isa = PBXFrameworksBuildPhase;
			buildActionMask = 2147483647;
			files = (
				3A95CC452070EBCB00E507E3 /* ssrNative.framework in Frameworks */,
				3A95CC362070EB8800E507E3 /* libsodium.framework in Frameworks */,
				3A95CC382070EB8800E507E3 /* libuv.framework in Frameworks */,
				3A95CC3A2070EB8800E507E3 /* mbedtls.framework in Frameworks */,
				3A95CC402070EBCB00E507E3 /* libsodium.framework in Frameworks */,
				3AD601822018D7F200403182 /* GZIP.framework in Frameworks */,
				3A95CC3D2070EBCB00E507E3 /* libuv.framework in Frameworks */,
				3AD6016C2018D56F00403182 /* AFNetworking.framework in Frameworks */,
				3A95CC432070EBCB00E507E3 /* mbedtls.framework in Frameworks */,
				3AD6016D2018D56F00403182 /* GCDWebServers.framework in Frameworks */,
				628C91C61A07B6C800BA1566 /* QuartzCore.framework in Frameworks */,
				62E27E5E18C1D1000086033D /* libz.dylib in Frameworks */,
				627A6DF918B47E9300493BBC /* Cocoa.framework in Frameworks */,
				625E5BBE19EA3855007A5124 /* WebKit.framework in Frameworks */,
				62E2E19B1A5AB23700C9A2E1 /* Security.framework in Frameworks */,
				62E2E1991A5AB21E00C9A2E1 /* SystemConfiguration.framework in Frameworks */,
			);
			runOnlyForDeploymentPostprocessing = 0;
		};
/* End PBXFrameworksBuildPhase section */

/* Begin PBXGroup section */
		3A95CC282070EB0A00E507E3 /* Products */ = {
			isa = PBXGroup;
			children = (
				3A95CC302070EB0B00E507E3 /* ssrNative.framework */,
				3A95CC322070EB0B00E507E3 /* ssrNative.framework */,
			);
			name = Products;
			sourceTree = "<group>";
		};
		3AD601382018D47700403182 /* Products */ = {
			isa = PBXGroup;
			children = (
				3AD601432018D47800403182 /* GCDWebServer */,
				3AD601452018D47800403182 /* GCDWebServer.app */,
				3AD601472018D47800403182 /* GCDWebServer.app */,
				3AD601492018D47800403182 /* GCDWebServers.framework */,
				3AD6014B2018D47800403182 /* GCDWebServers.framework */,
				3AD6014D2018D47800403182 /* GCDWebServers.framework */,
				3AD6014F2018D47800403182 /* Tests.xctest */,
			);
			name = Products;
			sourceTree = "<group>";
		};
		3AD601512018D50D00403182 /* Products */ = {
			isa = PBXGroup;
			children = (
				3AD6015B2018D50D00403182 /* AFNetworking.framework */,
				3AD6015D2018D50D00403182 /* AFNetworking.framework */,
				3AD6015F2018D50D00403182 /* AFNetworking.framework */,
				3AD601612018D50D00403182 /* AFNetworking.framework */,
				3AD601632018D50D00403182 /* AFNetworking iOS Tests.xctest */,
				3AD601652018D50D00403182 /* AFNetworking macOS Tests.xctest */,
				3AD601672018D50D00403182 /* AFNetworking tvOS Tests.xctest */,
			);
			name = Products;
			sourceTree = "<group>";
		};
		3AD6016F2018D7C900403182 /* Products */ = {
			isa = PBXGroup;
			children = (
				3AD601772018D7C900403182 /* GZIP.framework */,
				3AD601792018D7C900403182 /* GZIP.framework */,
				3AD6017B2018D7C900403182 /* GZIP.framework */,
				3AD6017D2018D7C900403182 /* GZIP.framework */,
				3AD6017F2018D7C900403182 /* GZIPTests.xctest */,
			);
			name = Products;
			sourceTree = "<group>";
		};
		6205309718D4443E00887D3E /* ssr_mac_sysconf */ = {
			isa = PBXGroup;
			children = (
				6205309818D4443E00887D3E /* main.m */,
				6205309A18D4443E00887D3E /* Supporting Files */,
			);
			path = ssr_mac_sysconf;
			sourceTree = "<group>";
		};
		6205309A18D4443E00887D3E /* Supporting Files */ = {
			isa = PBXGroup;
			children = (
				6205309B18D4443E00887D3E /* ssr_mac_sysconf-Prefix.pch */,
			);
			name = "Supporting Files";
			sourceTree = "<group>";
		};
		6215719C16CF6BCA003D96B4 = {
			isa = PBXGroup;
			children = (
				3A95CC422070EBCB00E507E3 /* mbedtls.framework */,
				3A95CC3F2070EBCB00E507E3 /* libsodium.framework */,
				3A95CC3C2070EBCB00E507E3 /* libuv.framework */,
				621571AE16CF6BCB003D96B4 /* ShadowWeb */,
				627A6DFE18B47E9300493BBC /* ssrMac */,
				6205309718D4443E00887D3E /* ssr_mac_sysconf */,
				621571A716CF6BCB003D96B4 /* Frameworks */,
				621571A616CF6BCB003D96B4 /* Products */,
				EB1891FD08E70E9E9DC84AFD /* about.txt */,
			);
			sourceTree = "<group>";
		};
		621571A616CF6BCB003D96B4 /* Products */ = {
			isa = PBXGroup;
			children = (
				627A6DF718B47E9300493BBC /* ssrMac.app */,
				6205309518D4443E00887D3E /* ssr_mac_sysconf */,
			);
			name = Products;
			sourceTree = "<group>";
		};
		621571A716CF6BCB003D96B4 /* Frameworks */ = {
			isa = PBXGroup;
			children = (
				3A95CC352070EB8800E507E3 /* libsodium.framework */,
				3A95CC372070EB8800E507E3 /* libuv.framework */,
				3A95CC392070EB8800E507E3 /* mbedtls.framework */,
				3A4AAEB5201B5981002F23AF /* libuv.a */,
				3ACA8C8B20199CBA00839E41 /* libcrypto.a */,
				3ACA8C8920199CB500839E41 /* libsodium.a */,
				62E2E19A1A5AB23700C9A2E1 /* Security.framework */,
				62E2E1981A5AB21E00C9A2E1 /* SystemConfiguration.framework */,
				628C91C51A07B6C800BA1566 /* QuartzCore.framework */,
				62E27E5D18C1D1000086033D /* libz.dylib */,
				62E27E5B18C1D0F80086033D /* libz.dylib */,
				629AC93F18B49C33001D2771 /* SystemConfiguration.framework */,
				629AC93D18B49B97001D2771 /* Security.framework */,
				629AC93B18B49B69001D2771 /* AppKit.framework */,
				629AC93918B49B56001D2771 /* Cocoa.framework */,
				627A6E5618B4887000493BBC /* WebKit.framework */,
				6274847318B1FD7900A9CDF0 /* ImageIO.framework */,
				6274847118B1FD6F00A9CDF0 /* QuartzCore.framework */,
				6274846F18B1FD6500A9CDF0 /* CoreMedia.framework */,
				6274846D18B1FD5C00A9CDF0 /* CoreVideo.framework */,
				62CD918F178977B500B2CB55 /* MessageUI.framework */,
				621FCC081760400800411E5F /* CFNetwork.framework */,
				621FCC061760400400411E5F /* MobileCoreServices.framework */,
				96D80C04176CE1D7006C8078 /* AVFoundation.framework */,
				628693EA16DA26E2008B1A26 /* SystemConfiguration.framework */,
				621571A816CF6BCB003D96B4 /* UIKit.framework */,
				621571AA16CF6BCB003D96B4 /* Foundation.framework */,
				621571AC16CF6BCB003D96B4 /* CoreGraphics.framework */,
				627A6DF818B47E9300493BBC /* Cocoa.framework */,
				627A6DFA18B47E9300493BBC /* Other Frameworks */,
			);
			name = Frameworks;
			sourceTree = "<group>";
		};
		621571AE16CF6BCB003D96B4 /* ShadowWeb */ = {
			isa = PBXGroup;
			children = (
				621571AF16CF6BCB003D96B4 /* Supporting Files */,
			);
			path = ShadowWeb;
			sourceTree = "<group>";
		};
		621571AF16CF6BCB003D96B4 /* Supporting Files */ = {
			isa = PBXGroup;
			children = (
				621571B116CF6BCB003D96B4 /* InfoPlist.strings */,
				628C3DE118AD5AFA0090632A /* Localizable.strings */,
				EB189F12BEB086705288D293 /* README.md */,
				EB1891B68FCBD841C5E461B6 /* About.md */,
				EB1896EFEA137F75386005D4 /* LICENSE */,
			);
			name = "Supporting Files";
			sourceTree = "<group>";
		};
		627A6DFA18B47E9300493BBC /* Other Frameworks */ = {
			isa = PBXGroup;
			children = (
				627A6DFB18B47E9300493BBC /* AppKit.framework */,
				627A6DFC18B47E9300493BBC /* CoreData.framework */,
				627A6DFD18B47E9300493BBC /* Foundation.framework */,
			);
			name = "Other Frameworks";
			sourceTree = "<group>";
		};
		627A6DFE18B47E9300493BBC /* ssrMac */ = {
			isa = PBXGroup;
			children = (
				3A95CC272070EB0A00E507E3 /* ssrNative.xcodeproj */,
				3AD6016E2018D7C900403182 /* GZIP.xcodeproj */,
				3AD601502018D50D00403182 /* AFNetworking.xcodeproj */,
				3AD601372018D47700403182 /* GCDWebServer.xcodeproj */,
				627A6E0A18B47E9300493BBC /* SWBAppDelegate.h */,
				627A6E0B18B47E9300493BBC /* SWBAppDelegate.m */,
				627A6E1018B47E9300493BBC /* Images.xcassets */,
				627A6DFF18B47E9300493BBC /* Supporting Files */,
				EB1895348E32ABA4F4F86742 /* SWBConfigWindowController.m */,
				EB189F33A120A109D84FF977 /* SWBConfigWindowController.h */,
				EB189ABF1BF9729F1E0E8F72 /* SWBApplication.m */,
				EB189A194D9EB70D1C8E7123 /* SWBApplication.h */,
				3A1A998C2022FFF000889D2E /* KSPasswordField.h */,
				3A1A997A2022FFF000889D2E /* KSPasswordField.m */,
				625E5BBB19EA36D2007A5124 /* SWBQRCodeWindowController.h */,
				625E5BBC19EA36D2007A5124 /* SWBQRCodeWindowController.m */,
				628C91C21A07AB4500BA1566 /* Configuration.h */,
				628C91C31A07AB4500BA1566 /* Configuration.m */,
				628C91BB1A07AA5800BA1566 /* Profile.h */,
				628C91BC1A07AA5800BA1566 /* Profile.m */,
				EB1892B5027A6B1F1E2CDC12 /* ProfileManager.m */,
				EB189071407B3A2A9B4C83CB /* ProfileManager.h */,
				3ACA8CCA2019C17800839E41 /* ShadowsocksRunner.h */,
				3ACA8CC92019C17800839E41 /* ShadowsocksRunner.m */,
				3A40B2CF2019E0BC00F33F80 /* qrCodeOnScreen.h */,
				3A40B2D02019E0BC00F33F80 /* qrCodeOnScreen.m */,
			);
			path = ssrMac;
			sourceTree = "<group>";
		};
		627A6DFF18B47E9300493BBC /* Supporting Files */ = {
			isa = PBXGroup;
			children = (
				625E5BBF19EA3A43007A5124 /* jquery.min.js */,
				625E5BC019EA3A43007A5124 /* qrcode.min.js */,
				62E27E5318C1D03D0086033D /* proxy.pac.gz */,
				622BE4E418B7307200F22683 /* menu_icon@2x.png */,
				622BE4E518B7307200F22683 /* menu_icon.png */,
				6232047018C0719D001A30B9 /* menu_icon_disabled@2x.png */,
				6232046F18C0719D001A30B9 /* menu_icon_disabled.png */,
				629AC93218B49341001D2771 /* Application.xib */,
				3A4AAEB3201B2FB7002F23AF /* ConfigWindow.xib */,
				627A6E0018B47E9300493BBC /* ssrMac-Info.plist */,
				627A6E0118B47E9300493BBC /* InfoPlist.strings */,
				627A6E0418B47E9300493BBC /* main.m */,
				627A6E0618B47E9300493BBC /* ssrMac-Prefix.pch */,
				627A6E0718B47E9300493BBC /* Credits.rtf */,
				620530BD18D44FB600887D3E /* install_helper.sh */,
				625E5BB919EA350F007A5124 /* QRCodeWindow.xib */,
				625E5BC319EA3A6B007A5124 /* qrcode.htm */,
				62E2E19C1A5ABE5C00C9A2E1 /* abp.js */,
			);
			name = "Supporting Files";
			sourceTree = "<group>";
		};
/* End PBXGroup section */

/* Begin PBXNativeTarget section */
		6205309418D4443E00887D3E /* ssr_mac_sysconf */ = {
			isa = PBXNativeTarget;
			buildConfigurationList = 620530A418D4443E00887D3E /* Build configuration list for PBXNativeTarget "ssr_mac_sysconf" */;
			buildPhases = (
				6205309118D4443E00887D3E /* Sources */,
				6205309218D4443E00887D3E /* Frameworks */,
			);
			buildRules = (
			);
			dependencies = (
			);
			name = ssr_mac_sysconf;
			productName = shadowsocks_sysconf;
			productReference = 6205309518D4443E00887D3E /* ssr_mac_sysconf */;
			productType = "com.apple.product-type.tool";
		};
		627A6DF618B47E9300493BBC /* ssrMac */ = {
			isa = PBXNativeTarget;
			buildConfigurationList = 627A6E2C18B47E9300493BBC /* Build configuration list for PBXNativeTarget "ssrMac" */;
			buildPhases = (
				627A6DF318B47E9300493BBC /* Sources */,
				627A6DF418B47E9300493BBC /* Frameworks */,
				627A6DF518B47E9300493BBC /* Resources */,
				3A8E4A4120219812002E2FBA /* CopyFiles */,
			);
			buildRules = (
			);
			dependencies = (
				3A95CC342070EB3B00E507E3 /* PBXTargetDependency */,
				3AD601812018D7E100403182 /* PBXTargetDependency */,
				3AD601692018D54500403182 /* PBXTargetDependency */,
				3AD6016B2018D54500403182 /* PBXTargetDependency */,
				620530BC18D44A4000887D3E /* PBXTargetDependency */,
				3A95CC482070EBCB00E507E3 /* PBXTargetDependency */,
			);
			name = ssrMac;
			productName = ShadowsocksX;
			productReference = 627A6DF718B47E9300493BBC /* ssrMac.app */;
			productType = "com.apple.product-type.application";
		};
/* End PBXNativeTarget section */

/* Begin PBXProject section */
		6215719D16CF6BCA003D96B4 /* Project object */ = {
			isa = PBXProject;
			attributes = {
				CLASSPREFIX = SWB;
				LastUpgradeCheck = 1010;
				ORGANIZATIONNAME = ssrLive;
				TargetAttributes = {
					6205309418D4443E00887D3E = {
						ProvisioningStyle = Automatic;
					};
					627A6DF618B47E9300493BBC = {
						ProvisioningStyle = Automatic;
					};
				};
			};
			buildConfigurationList = 621571A016CF6BCA003D96B4 /* Build configuration list for PBXProject "ssrMac" */;
			compatibilityVersion = "Xcode 3.2";
			developmentRegion = English;
			hasScannedForEncodings = 0;
			knownRegions = (
				en,
				"zh-Hans",
				Base,
			);
			mainGroup = 6215719C16CF6BCA003D96B4;
			productRefGroup = 621571A616CF6BCB003D96B4 /* Products */;
			projectDirPath = "";
			projectReferences = (
				{
					ProductGroup = 3AD601512018D50D00403182 /* Products */;
					ProjectRef = 3AD601502018D50D00403182 /* AFNetworking.xcodeproj */;
				},
				{
					ProductGroup = 3AD601382018D47700403182 /* Products */;
					ProjectRef = 3AD601372018D47700403182 /* GCDWebServer.xcodeproj */;
				},
				{
					ProductGroup = 3AD6016F2018D7C900403182 /* Products */;
					ProjectRef = 3AD6016E2018D7C900403182 /* GZIP.xcodeproj */;
				},
				{
					ProductGroup = 3A95CC282070EB0A00E507E3 /* Products */;
					ProjectRef = 3A95CC272070EB0A00E507E3 /* ssrNative.xcodeproj */;
				},
			);
			projectRoot = "";
			targets = (
				627A6DF618B47E9300493BBC /* ssrMac */,
				6205309418D4443E00887D3E /* ssr_mac_sysconf */,
			);
		};
/* End PBXProject section */

/* Begin PBXReferenceProxy section */
		3A95CC302070EB0B00E507E3 /* ssrNative.framework */ = {
			isa = PBXReferenceProxy;
			fileType = wrapper.framework;
			path = ssrNative.framework;
			remoteRef = 3A95CC2F2070EB0B00E507E3 /* PBXContainerItemProxy */;
			sourceTree = BUILT_PRODUCTS_DIR;
		};
		3A95CC322070EB0B00E507E3 /* ssrNative.framework */ = {
			isa = PBXReferenceProxy;
			fileType = wrapper.framework;
			path = ssrNative.framework;
			remoteRef = 3A95CC312070EB0B00E507E3 /* PBXContainerItemProxy */;
			sourceTree = BUILT_PRODUCTS_DIR;
		};
		3AD601432018D47800403182 /* GCDWebServer */ = {
			isa = PBXReferenceProxy;
			fileType = "compiled.mach-o.executable";
			path = GCDWebServer;
			remoteRef = 3AD601422018D47800403182 /* PBXContainerItemProxy */;
			sourceTree = BUILT_PRODUCTS_DIR;
		};
		3AD601452018D47800403182 /* GCDWebServer.app */ = {
			isa = PBXReferenceProxy;
			fileType = wrapper.application;
			path = GCDWebServer.app;
			remoteRef = 3AD601442018D47800403182 /* PBXContainerItemProxy */;
			sourceTree = BUILT_PRODUCTS_DIR;
		};
		3AD601472018D47800403182 /* GCDWebServer.app */ = {
			isa = PBXReferenceProxy;
			fileType = wrapper.application;
			path = GCDWebServer.app;
			remoteRef = 3AD601462018D47800403182 /* PBXContainerItemProxy */;
			sourceTree = BUILT_PRODUCTS_DIR;
		};
		3AD601492018D47800403182 /* GCDWebServers.framework */ = {
			isa = PBXReferenceProxy;
			fileType = wrapper.framework;
			path = GCDWebServers.framework;
			remoteRef = 3AD601482018D47800403182 /* PBXContainerItemProxy */;
			sourceTree = BUILT_PRODUCTS_DIR;
		};
		3AD6014B2018D47800403182 /* GCDWebServers.framework */ = {
			isa = PBXReferenceProxy;
			fileType = wrapper.framework;
			path = GCDWebServers.framework;
			remoteRef = 3AD6014A2018D47800403182 /* PBXContainerItemProxy */;
			sourceTree = BUILT_PRODUCTS_DIR;
		};
		3AD6014D2018D47800403182 /* GCDWebServers.framework */ = {
			isa = PBXReferenceProxy;
			fileType = wrapper.framework;
			path = GCDWebServers.framework;
			remoteRef = 3AD6014C2018D47800403182 /* PBXContainerItemProxy */;
			sourceTree = BUILT_PRODUCTS_DIR;
		};
		3AD6014F2018D47800403182 /* Tests.xctest */ = {
			isa = PBXReferenceProxy;
			fileType = wrapper.cfbundle;
			path = Tests.xctest;
			remoteRef = 3AD6014E2018D47800403182 /* PBXContainerItemProxy */;
			sourceTree = BUILT_PRODUCTS_DIR;
		};
		3AD6015B2018D50D00403182 /* AFNetworking.framework */ = {
			isa = PBXReferenceProxy;
			fileType = wrapper.framework;
			path = AFNetworking.framework;
			remoteRef = 3AD6015A2018D50D00403182 /* PBXContainerItemProxy */;
			sourceTree = BUILT_PRODUCTS_DIR;
		};
		3AD6015D2018D50D00403182 /* AFNetworking.framework */ = {
			isa = PBXReferenceProxy;
			fileType = wrapper.framework;
			path = AFNetworking.framework;
			remoteRef = 3AD6015C2018D50D00403182 /* PBXContainerItemProxy */;
			sourceTree = BUILT_PRODUCTS_DIR;
		};
		3AD6015F2018D50D00403182 /* AFNetworking.framework */ = {
			isa = PBXReferenceProxy;
			fileType = wrapper.framework;
			path = AFNetworking.framework;
			remoteRef = 3AD6015E2018D50D00403182 /* PBXContainerItemProxy */;
			sourceTree = BUILT_PRODUCTS_DIR;
		};
		3AD601612018D50D00403182 /* AFNetworking.framework */ = {
			isa = PBXReferenceProxy;
			fileType = wrapper.framework;
			path = AFNetworking.framework;
			remoteRef = 3AD601602018D50D00403182 /* PBXContainerItemProxy */;
			sourceTree = BUILT_PRODUCTS_DIR;
		};
		3AD601632018D50D00403182 /* AFNetworking iOS Tests.xctest */ = {
			isa = PBXReferenceProxy;
			fileType = wrapper.cfbundle;
			path = "AFNetworking iOS Tests.xctest";
			remoteRef = 3AD601622018D50D00403182 /* PBXContainerItemProxy */;
			sourceTree = BUILT_PRODUCTS_DIR;
		};
		3AD601652018D50D00403182 /* AFNetworking macOS Tests.xctest */ = {
			isa = PBXReferenceProxy;
			fileType = wrapper.cfbundle;
			path = "AFNetworking macOS Tests.xctest";
			remoteRef = 3AD601642018D50D00403182 /* PBXContainerItemProxy */;
			sourceTree = BUILT_PRODUCTS_DIR;
		};
		3AD601672018D50D00403182 /* AFNetworking tvOS Tests.xctest */ = {
			isa = PBXReferenceProxy;
			fileType = wrapper.cfbundle;
			path = "AFNetworking tvOS Tests.xctest";
			remoteRef = 3AD601662018D50D00403182 /* PBXContainerItemProxy */;
			sourceTree = BUILT_PRODUCTS_DIR;
		};
		3AD601772018D7C900403182 /* GZIP.framework */ = {
			isa = PBXReferenceProxy;
			fileType = wrapper.framework;
			path = GZIP.framework;
			remoteRef = 3AD601762018D7C900403182 /* PBXContainerItemProxy */;
			sourceTree = BUILT_PRODUCTS_DIR;
		};
		3AD601792018D7C900403182 /* GZIP.framework */ = {
			isa = PBXReferenceProxy;
			fileType = wrapper.framework;
			path = GZIP.framework;
			remoteRef = 3AD601782018D7C900403182 /* PBXContainerItemProxy */;
			sourceTree = BUILT_PRODUCTS_DIR;
		};
		3AD6017B2018D7C900403182 /* GZIP.framework */ = {
			isa = PBXReferenceProxy;
			fileType = wrapper.framework;
			path = GZIP.framework;
			remoteRef = 3AD6017A2018D7C900403182 /* PBXContainerItemProxy */;
			sourceTree = BUILT_PRODUCTS_DIR;
		};
		3AD6017D2018D7C900403182 /* GZIP.framework */ = {
			isa = PBXReferenceProxy;
			fileType = wrapper.framework;
			path = GZIP.framework;
			remoteRef = 3AD6017C2018D7C900403182 /* PBXContainerItemProxy */;
			sourceTree = BUILT_PRODUCTS_DIR;
		};
		3AD6017F2018D7C900403182 /* GZIPTests.xctest */ = {
			isa = PBXReferenceProxy;
			fileType = wrapper.cfbundle;
			path = GZIPTests.xctest;
			remoteRef = 3AD6017E2018D7C900403182 /* PBXContainerItemProxy */;
			sourceTree = BUILT_PRODUCTS_DIR;
		};
/* End PBXReferenceProxy section */

/* Begin PBXResourcesBuildPhase section */
		627A6DF518B47E9300493BBC /* Resources */ = {
			isa = PBXResourcesBuildPhase;
			buildActionMask = 2147483647;
			files = (
				620530BA18D44A2700887D3E /* ssr_mac_sysconf in Resources */,
				62E27E6418C1F1E30086033D /* LICENSE in Resources */,
				6232047718C08C6C001A30B9 /* Localizable.strings in Resources */,
				625E5BBA19EA350F007A5124 /* QRCodeWindow.xib in Resources */,
				629AC93318B49341001D2771 /* Application.xib in Resources */,
				3A4AAEB4201B2FB7002F23AF /* ConfigWindow.xib in Resources */,
				620530BE18D44FB600887D3E /* install_helper.sh in Resources */,
				6232047218C0719D001A30B9 /* menu_icon_disabled@2x.png in Resources */,
				625E5BC119EA3A43007A5124 /* jquery.min.js in Resources */,
				625E5BC519EA3A6B007A5124 /* qrcode.htm in Resources */,
				625E5BC219EA3A43007A5124 /* qrcode.min.js in Resources */,
				627A6E0318B47E9300493BBC /* InfoPlist.strings in Resources */,
				62E27E5518C1D03D0086033D /* proxy.pac.gz in Resources */,
				62E2E19D1A5ABE5C00C9A2E1 /* abp.js in Resources */,
				622BE4E618B7307200F22683 /* menu_icon@2x.png in Resources */,
				6232047118C0719D001A30B9 /* menu_icon_disabled.png in Resources */,
				627A6E1118B47E9300493BBC /* Images.xcassets in Resources */,
				622BE4E718B7307200F22683 /* menu_icon.png in Resources */,
			);
			runOnlyForDeploymentPostprocessing = 0;
		};
/* End PBXResourcesBuildPhase section */

/* Begin PBXSourcesBuildPhase section */
		6205309118D4443E00887D3E /* Sources */ = {
			isa = PBXSourcesBuildPhase;
			buildActionMask = 2147483647;
			files = (
				6205309918D4443E00887D3E /* main.m in Sources */,
			);
			runOnlyForDeploymentPostprocessing = 0;
		};
		627A6DF318B47E9300493BBC /* Sources */ = {
			isa = PBXSourcesBuildPhase;
			buildActionMask = 2147483647;
			files = (
				628C91BD1A07AA5800BA1566 /* Profile.m in Sources */,
				628C91C41A07AB4500BA1566 /* Configuration.m in Sources */,
				627A6E0518B47E9300493BBC /* main.m in Sources */,
				627A6E0C18B47E9300493BBC /* SWBAppDelegate.m in Sources */,
				3A1A998D2022FFF000889D2E /* KSPasswordField.m in Sources */,
				EB1897A04CF0382A754FE700 /* SWBConfigWindowController.m in Sources */,
				625E5BBD19EA36D2007A5124 /* SWBQRCodeWindowController.m in Sources */,
				3ACA8CCB2019C17800839E41 /* ShadowsocksRunner.m in Sources */,
				EB189FE30A2E13F4D10D59ED /* SWBApplication.m in Sources */,
				3A40B2D12019E0BC00F33F80 /* qrCodeOnScreen.m in Sources */,
				EB1899E6974F61B38B2FFD2C /* ProfileManager.m in Sources */,
			);
			runOnlyForDeploymentPostprocessing = 0;
		};
/* End PBXSourcesBuildPhase section */

/* Begin PBXTargetDependency section */
		3A95CC342070EB3B00E507E3 /* PBXTargetDependency */ = {
			isa = PBXTargetDependency;
			name = "ssrNative macOS";
			targetProxy = 3A95CC332070EB3B00E507E3 /* PBXContainerItemProxy */;
		};
		3A95CC482070EBCB00E507E3 /* PBXTargetDependency */ = {
			isa = PBXTargetDependency;
			name = "ssrNative macOS";
			targetProxy = 3A95CC472070EBCB00E507E3 /* PBXContainerItemProxy */;
		};
		3AD601692018D54500403182 /* PBXTargetDependency */ = {
			isa = PBXTargetDependency;
			name = "AFNetworking macOS";
			targetProxy = 3AD601682018D54500403182 /* PBXContainerItemProxy */;
		};
		3AD6016B2018D54500403182 /* PBXTargetDependency */ = {
			isa = PBXTargetDependency;
			name = "GCDWebServers (Mac)";
			targetProxy = 3AD6016A2018D54500403182 /* PBXContainerItemProxy */;
		};
		3AD601812018D7E100403182 /* PBXTargetDependency */ = {
			isa = PBXTargetDependency;
			name = "GZIP-macOS";
			targetProxy = 3AD601802018D7E100403182 /* PBXContainerItemProxy */;
		};
		620530BC18D44A4000887D3E /* PBXTargetDependency */ = {
			isa = PBXTargetDependency;
			target = 6205309418D4443E00887D3E /* ssr_mac_sysconf */;
			targetProxy = 620530BB18D44A4000887D3E /* PBXContainerItemProxy */;
		};
/* End PBXTargetDependency section */

/* Begin PBXVariantGroup section */
		621571B116CF6BCB003D96B4 /* InfoPlist.strings */ = {
			isa = PBXVariantGroup;
			children = (
				621571B216CF6BCB003D96B4 /* en */,
			);
			name = InfoPlist.strings;
			sourceTree = "<group>";
		};
		627A6E0118B47E9300493BBC /* InfoPlist.strings */ = {
			isa = PBXVariantGroup;
			children = (
				627A6E0218B47E9300493BBC /* en */,
			);
			name = InfoPlist.strings;
			sourceTree = "<group>";
		};
		627A6E0718B47E9300493BBC /* Credits.rtf */ = {
			isa = PBXVariantGroup;
			children = (
				627A6E0818B47E9300493BBC /* en */,
			);
			name = Credits.rtf;
			sourceTree = "<group>";
		};
		628C3DE118AD5AFA0090632A /* Localizable.strings */ = {
			isa = PBXVariantGroup;
			children = (
				628C3DE218AD5B100090632A /* en */,
				628C3DE318AD5B700090632A /* zh-Hans */,
			);
			name = Localizable.strings;
			sourceTree = "<group>";
		};
/* End PBXVariantGroup section */

/* Begin XCBuildConfiguration section */
		6205309E18D4443E00887D3E /* Debug */ = {
			isa = XCBuildConfiguration;
			buildSettings = {
				CLANG_ENABLE_MODULES = YES;
				CLANG_WARN_BOOL_CONVERSION = YES;
				CLANG_WARN_DIRECT_OBJC_ISA_USAGE = YES_ERROR;
				CLANG_WARN_OBJC_ROOT_CLASS = YES_ERROR;
				CODE_SIGN_IDENTITY = "Mac Developer";
				CODE_SIGN_STYLE = Automatic;
				DEVELOPMENT_TEAM = "";
				GCC_ENABLE_OBJC_EXCEPTIONS = YES;
				GCC_PRECOMPILE_PREFIX_HEADER = YES;
				GCC_PREFIX_HEADER = "ssr_mac_sysconf/ssr_mac_sysconf-Prefix.pch";
				GCC_PREPROCESSOR_DEFINITIONS = (
					"DEBUG=1",
					"$(inherited)",
				);
				GCC_WARN_64_TO_32_BIT_CONVERSION = YES;
				GCC_WARN_ABOUT_RETURN_TYPE = YES_ERROR;
				GCC_WARN_UNDECLARED_SELECTOR = YES;
				GCC_WARN_UNINITIALIZED_AUTOS = YES_AGGRESSIVE;
				GCC_WARN_UNUSED_FUNCTION = YES;
				INSTALL_PATH = "";
				PRODUCT_NAME = "$(TARGET_NAME)";
				PROVISIONING_PROFILE_SPECIFIER = "";
				SDKROOT = macosx;
			};
			name = Debug;
		};
		6205309F18D4443E00887D3E /* Release */ = {
			isa = XCBuildConfiguration;
			buildSettings = {
				CLANG_ENABLE_MODULES = YES;
				CLANG_WARN_BOOL_CONVERSION = YES;
				CLANG_WARN_DIRECT_OBJC_ISA_USAGE = YES_ERROR;
				CLANG_WARN_OBJC_ROOT_CLASS = YES_ERROR;
				CODE_SIGN_IDENTITY = "Mac Developer";
				CODE_SIGN_STYLE = Automatic;
				DEBUG_INFORMATION_FORMAT = "dwarf-with-dsym";
				DEVELOPMENT_TEAM = "";
				ENABLE_NS_ASSERTIONS = NO;
				GCC_ENABLE_OBJC_EXCEPTIONS = YES;
				GCC_PRECOMPILE_PREFIX_HEADER = YES;
				GCC_PREFIX_HEADER = "ssr_mac_sysconf/ssr_mac_sysconf-Prefix.pch";
				GCC_WARN_64_TO_32_BIT_CONVERSION = YES;
				GCC_WARN_ABOUT_RETURN_TYPE = YES_ERROR;
				GCC_WARN_UNDECLARED_SELECTOR = YES;
				GCC_WARN_UNINITIALIZED_AUTOS = YES_AGGRESSIVE;
				GCC_WARN_UNUSED_FUNCTION = YES;
				INSTALL_PATH = "";
				PRODUCT_NAME = "$(TARGET_NAME)";
				PROVISIONING_PROFILE_SPECIFIER = "";
				SDKROOT = macosx;
			};
			name = Release;
		};
		621571C916CF6BCB003D96B4 /* Debug */ = {
			isa = XCBuildConfiguration;
			buildSettings = {
				ALWAYS_SEARCH_USER_PATHS = NO;
				CLANG_ANALYZER_LOCALIZABILITY_NONLOCALIZED = YES;
				CLANG_CXX_LANGUAGE_STANDARD = "gnu++0x";
				CLANG_CXX_LIBRARY = "libc++";
				CLANG_ENABLE_OBJC_ARC = YES;
				CLANG_WARN_BLOCK_CAPTURE_AUTORELEASING = YES;
				CLANG_WARN_BOOL_CONVERSION = YES;
				CLANG_WARN_COMMA = YES;
				CLANG_WARN_CONSTANT_CONVERSION = YES;
				CLANG_WARN_DEPRECATED_OBJC_IMPLEMENTATIONS = YES;
				CLANG_WARN_EMPTY_BODY = YES;
				CLANG_WARN_ENUM_CONVERSION = YES;
				CLANG_WARN_INFINITE_RECURSION = YES;
				CLANG_WARN_INT_CONVERSION = YES;
				CLANG_WARN_NON_LITERAL_NULL_CONVERSION = YES;
				CLANG_WARN_OBJC_IMPLICIT_RETAIN_SELF = YES;
				CLANG_WARN_OBJC_LITERAL_CONVERSION = YES;
				CLANG_WARN_RANGE_LOOP_ANALYSIS = YES;
				CLANG_WARN_STRICT_PROTOTYPES = YES;
				CLANG_WARN_SUSPICIOUS_MOVE = YES;
				CLANG_WARN_UNREACHABLE_CODE = YES;
				CLANG_WARN__DUPLICATE_METHOD_MATCH = YES;
				CODE_SIGN_IDENTITY = "iPhone Developer";
				"CODE_SIGN_IDENTITY[sdk=iphoneos*]" = "iPhone Developer";
				COPY_PHASE_STRIP = NO;
				ENABLE_STRICT_OBJC_MSGSEND = YES;
				ENABLE_TESTABILITY = YES;
				GCC_C_LANGUAGE_STANDARD = gnu99;
				GCC_DYNAMIC_NO_PIC = NO;
				GCC_NO_COMMON_BLOCKS = YES;
				GCC_OPTIMIZATION_LEVEL = 0;
				GCC_PREPROCESSOR_DEFINITIONS = (
					"DEBUG=1",
					"$(inherited)",
				);
				GCC_SYMBOLS_PRIVATE_EXTERN = NO;
				GCC_WARN_64_TO_32_BIT_CONVERSION = YES;
				GCC_WARN_ABOUT_RETURN_TYPE = YES;
				GCC_WARN_UNDECLARED_SELECTOR = YES;
				GCC_WARN_UNINITIALIZED_AUTOS = YES;
				GCC_WARN_UNUSED_FUNCTION = YES;
				GCC_WARN_UNUSED_VARIABLE = YES;
				HEADER_SEARCH_PATHS = "OpenSSL-for-iPhone/include/";
				IPHONEOS_DEPLOYMENT_TARGET = 8.0;
				MACOSX_DEPLOYMENT_TARGET = 10.8;
				ONLY_ACTIVE_ARCH = YES;
				PROVISIONING_PROFILE = "";
				"PROVISIONING_PROFILE[sdk=iphoneos*]" = "";
				SDKROOT = iphoneos;
				TARGETED_DEVICE_FAMILY = "1,2";
			};
			name = Debug;
		};
		621571CA16CF6BCB003D96B4 /* Release */ = {
			isa = XCBuildConfiguration;
			buildSettings = {
				ALWAYS_SEARCH_USER_PATHS = NO;
				CLANG_ANALYZER_LOCALIZABILITY_NONLOCALIZED = YES;
				CLANG_CXX_LANGUAGE_STANDARD = "gnu++0x";
				CLANG_CXX_LIBRARY = "libc++";
				CLANG_ENABLE_OBJC_ARC = YES;
				CLANG_WARN_BLOCK_CAPTURE_AUTORELEASING = YES;
				CLANG_WARN_BOOL_CONVERSION = YES;
				CLANG_WARN_COMMA = YES;
				CLANG_WARN_CONSTANT_CONVERSION = YES;
				CLANG_WARN_DEPRECATED_OBJC_IMPLEMENTATIONS = YES;
				CLANG_WARN_EMPTY_BODY = YES;
				CLANG_WARN_ENUM_CONVERSION = YES;
				CLANG_WARN_INFINITE_RECURSION = YES;
				CLANG_WARN_INT_CONVERSION = YES;
				CLANG_WARN_NON_LITERAL_NULL_CONVERSION = YES;
				CLANG_WARN_OBJC_IMPLICIT_RETAIN_SELF = YES;
				CLANG_WARN_OBJC_LITERAL_CONVERSION = YES;
				CLANG_WARN_RANGE_LOOP_ANALYSIS = YES;
				CLANG_WARN_STRICT_PROTOTYPES = YES;
				CLANG_WARN_SUSPICIOUS_MOVE = YES;
				CLANG_WARN_UNREACHABLE_CODE = YES;
				CLANG_WARN__DUPLICATE_METHOD_MATCH = YES;
				CODE_SIGN_IDENTITY = "iPhone Developer";
				"CODE_SIGN_IDENTITY[sdk=iphoneos*]" = "iPhone Developer";
				COPY_PHASE_STRIP = YES;
				ENABLE_STRICT_OBJC_MSGSEND = YES;
				GCC_C_LANGUAGE_STANDARD = gnu99;
				GCC_NO_COMMON_BLOCKS = YES;
				GCC_WARN_64_TO_32_BIT_CONVERSION = YES;
				GCC_WARN_ABOUT_RETURN_TYPE = YES;
				GCC_WARN_UNDECLARED_SELECTOR = YES;
				GCC_WARN_UNINITIALIZED_AUTOS = YES;
				GCC_WARN_UNUSED_FUNCTION = YES;
				GCC_WARN_UNUSED_VARIABLE = YES;
				HEADER_SEARCH_PATHS = "OpenSSL-for-iPhone/include/";
				IPHONEOS_DEPLOYMENT_TARGET = 8.0;
				MACOSX_DEPLOYMENT_TARGET = 10.8;
				OTHER_CFLAGS = "-DNS_BLOCK_ASSERTIONS=1";
				PROVISIONING_PROFILE = "";
				"PROVISIONING_PROFILE[sdk=iphoneos*]" = "";
				SDKROOT = iphoneos;
				TARGETED_DEVICE_FAMILY = "1,2";
				VALIDATE_PRODUCT = YES;
			};
			name = Release;
		};
		627A6E2418B47E9300493BBC /* Debug */ = {
			isa = XCBuildConfiguration;
			buildSettings = {
				ASSETCATALOG_COMPILER_APPICON_NAME = AppIcon;
				CLANG_ENABLE_MODULES = YES;
				CLANG_WARN_BOOL_CONVERSION = YES;
				CLANG_WARN_DIRECT_OBJC_ISA_USAGE = YES_ERROR;
				CLANG_WARN_OBJC_ROOT_CLASS = YES_ERROR;
				CODE_SIGN_IDENTITY = "Mac Developer";
				CODE_SIGN_STYLE = Automatic;
				COMBINE_HIDPI_IMAGES = YES;
				DEVELOPMENT_TEAM = "";
				FRAMEWORK_SEARCH_PATHS = (
					"$(inherited)",
					"$(DEVELOPER_FRAMEWORKS_DIR)",
				);
				GCC_ENABLE_OBJC_EXCEPTIONS = YES;
				GCC_PRECOMPILE_PREFIX_HEADER = YES;
				GCC_PREFIX_HEADER = "ssrMac/ssrMac-Prefix.pch";
				GCC_PREPROCESSOR_DEFINITIONS = "$(inherited)";
				GCC_WARN_64_TO_32_BIT_CONVERSION = YES;
				GCC_WARN_ABOUT_RETURN_TYPE = YES_ERROR;
				GCC_WARN_UNDECLARED_SELECTOR = YES;
				GCC_WARN_UNUSED_FUNCTION = YES;
				HEADER_SEARCH_PATHS = /usr/local/include;
				INFOPLIST_FILE = "ssrMac/ssrMac-Info.plist";
				LD_RUNPATH_SEARCH_PATHS = "$(inherited) @executable_path/../Frameworks @executable_path/../Frameworks/AFNetworking.framework/Versions/Current @executable_path/../Frameworks/GCDWebServers.framework/Versions/Current @executable_path/../Frameworks/GZIP.framework/Versions/Current";
				LIBRARY_SEARCH_PATHS = /usr/local/lib;
				OTHER_LDFLAGS = "-w";
				PRODUCT_BUNDLE_IDENTIFIER = com.ssrlive.macClient;
				PRODUCT_NAME = "$(TARGET_NAME)";
				PROVISIONING_PROFILE_SPECIFIER = "";
				SDKROOT = macosx;
				WRAPPER_EXTENSION = app;
			};
			name = Debug;
		};
		627A6E2518B47E9300493BBC /* Release */ = {
			isa = XCBuildConfiguration;
			buildSettings = {
				ASSETCATALOG_COMPILER_APPICON_NAME = AppIcon;
				CLANG_ENABLE_MODULES = YES;
				CLANG_WARN_BOOL_CONVERSION = YES;
				CLANG_WARN_DIRECT_OBJC_ISA_USAGE = YES_ERROR;
				CLANG_WARN_OBJC_ROOT_CLASS = YES_ERROR;
				CODE_SIGN_IDENTITY = "Mac Developer";
				CODE_SIGN_STYLE = Automatic;
				COMBINE_HIDPI_IMAGES = YES;
				DEBUG_INFORMATION_FORMAT = "dwarf-with-dsym";
				DEVELOPMENT_TEAM = "";
				ENABLE_NS_ASSERTIONS = NO;
				FRAMEWORK_SEARCH_PATHS = (
					"$(inherited)",
					"$(DEVELOPER_FRAMEWORKS_DIR)",
				);
				GCC_ENABLE_OBJC_EXCEPTIONS = YES;
				GCC_PRECOMPILE_PREFIX_HEADER = YES;
				GCC_PREFIX_HEADER = "ssrMac/ssrMac-Prefix.pch";
				GCC_PREPROCESSOR_DEFINITIONS = "$(inherited)";
				GCC_WARN_64_TO_32_BIT_CONVERSION = YES;
				GCC_WARN_ABOUT_RETURN_TYPE = YES_ERROR;
				GCC_WARN_UNDECLARED_SELECTOR = YES;
				GCC_WARN_UNUSED_FUNCTION = YES;
				HEADER_SEARCH_PATHS = /usr/local/include;
				INFOPLIST_FILE = "ssrMac/ssrMac-Info.plist";
				LD_RUNPATH_SEARCH_PATHS = "$(inherited) @executable_path/../Frameworks @executable_path/../Frameworks/AFNetworking.framework/Versions/Current @executable_path/../Frameworks/GCDWebServers.framework/Versions/Current @executable_path/../Frameworks/GZIP.framework/Versions/Current";
				LIBRARY_SEARCH_PATHS = /usr/local/lib;
				OTHER_LDFLAGS = "-w";
				PRODUCT_BUNDLE_IDENTIFIER = com.ssrlive.macClient;
				PRODUCT_NAME = "$(TARGET_NAME)";
				PROVISIONING_PROFILE_SPECIFIER = "";
				SDKROOT = macosx;
				WRAPPER_EXTENSION = app;
			};
			name = Release;
		};
/* End XCBuildConfiguration section */

/* Begin XCConfigurationList section */
		620530A418D4443E00887D3E /* Build configuration list for PBXNativeTarget "ssr_mac_sysconf" */ = {
			isa = XCConfigurationList;
			buildConfigurations = (
				6205309E18D4443E00887D3E /* Debug */,
				6205309F18D4443E00887D3E /* Release */,
			);
			defaultConfigurationIsVisible = 0;
			defaultConfigurationName = Release;
		};
		621571A016CF6BCA003D96B4 /* Build configuration list for PBXProject "ssrMac" */ = {
			isa = XCConfigurationList;
			buildConfigurations = (
				621571C916CF6BCB003D96B4 /* Debug */,
				621571CA16CF6BCB003D96B4 /* Release */,
			);
			defaultConfigurationIsVisible = 0;
			defaultConfigurationName = Release;
		};
		627A6E2C18B47E9300493BBC /* Build configuration list for PBXNativeTarget "ssrMac" */ = {
			isa = XCConfigurationList;
			buildConfigurations = (
				627A6E2418B47E9300493BBC /* Debug */,
				627A6E2518B47E9300493BBC /* Release */,
			);
			defaultConfigurationIsVisible = 0;
			defaultConfigurationName = Release;
		};
/* End XCConfigurationList section */
	};
	rootObject = 6215719D16CF6BCA003D96B4 /* Project object */;
}
